
Microsoft Visual Studio Solution File, Format Version 12.00
# Visual Studio 15
VisualStudioVersion = 15.0.27428.2037
MinimumVisualStudioVersion = 10.0.40219.1
Project("{FAE04EC0-301F-11D3-BF4B-00C04F79EFBC}") = "SoftwareReleaseMappingService", "SoftwareReleaseMapService\SoftwareReleaseMappingService.csproj", "{A7FFEE99-C0DF-42E7-A537-8B2DDD78FBA3}"
EndProject
Global
	GlobalSection(SolutionConfigurationPlatforms) = preSolution
		Debug|Any CPU = Debug|Any CPU
		Release|Any CPU = Release|Any CPU
	EndGlobalSection
	GlobalSection(ProjectConfigurationPlatforms) = postSolution
		{A7FFEE99-C0DF-42E7-A537-8B2DDD78FBA3}.Debug|Any CPU.ActiveCfg = Debug|Any CPU
		{A7FFEE99-C0DF-42E7-A537-8B2DDD78FBA3}.Debug|Any CPU.Build.0 = Debug|Any CPU
		{A7FFEE99-C0DF-42E7-A537-8B2DDD78FBA3}.Release|Any CPU.ActiveCfg = Release|Any CPU
		{A7FFEE99-C0DF-42E7-A537-8B2DDD78FBA3}.Release|Any CPU.Build.0 = Release|Any CPU
	EndGlobalSection
	GlobalSection(SolutionProperties) = preSolution
		HideSolutionNode = FALSE
	EndGlobalSection
	GlobalSection(ExtensibilityGlobals) = postSolution
		SolutionGuid = {5729AB0F-FEB2-4B12-800B-7F186C366F46}
	EndGlobalSection
EndGlobal
